
Microsoft Visual Studio Solution File, Format Version 12.00
# Visual Studio Version 17
VisualStudioVersion = 17.7.34031.279
MinimumVisualStudioVersion = 10.0.40219.1
Project("{FAE04EC0-301F-11D3-BF4B-00C04F79EFBC}") = "training_fourteen_nov", "training_fourteen_nov\training_fourteen_nov.csproj", "{BB2F859A-1E37-4139-B1AF-853336514818}"
EndProject
Global
	GlobalSection(SolutionConfigurationPlatforms) = preSolution
		Debug|Any CPU = Debug|Any CPU
		Release|Any CPU = Release|Any CPU
	EndGlobalSection
	GlobalSection(ProjectConfigurationPlatforms) = postSolution
		{BB2F859A-1E37-4139-B1AF-853336514818}.Debug|Any CPU.ActiveCfg = Debug|Any CPU
		{BB2F859A-1E37-4139-B1AF-853336514818}.Debug|Any CPU.Build.0 = Debug|Any CPU
		{BB2F859A-1E37-4139-B1AF-853336514818}.Release|Any CPU.ActiveCfg = Release|Any CPU
		{BB2F859A-1E37-4139-B1AF-853336514818}.Release|Any CPU.Build.0 = Release|Any CPU
	EndGlobalSection
	GlobalSection(SolutionProperties) = preSolution
		HideSolutionNode = FALSE
	EndGlobalSection
	GlobalSection(ExtensibilityGlobals) = postSolution
		SolutionGuid = {32A075C1-CEB8-45DF-BEBD-0504A5AECE94}
	EndGlobalSection
EndGlobal
